// !$*UTF8*$!
{
	archiveVersion = 1;
	classes = {
	};
	objectVersion = 46;
	objects = {

/* Begin PBXBuildFile section */
		30E5ADB41F5D4F2000568388 /* AppDelegate.swift in Sources */ = {isa = PBXBuildFile; fileRef = 30E5ADB31F5D4F2000568388 /* AppDelegate.swift */; };
		30E5ADB61F5D4F2000568388 /* ViewController.swift in Sources */ = {isa = PBXBuildFile; fileRef = 30E5ADB51F5D4F2000568388 /* ViewController.swift */; };
		30E5ADB91F5D4F2000568388 /* Main.storyboard in Resources */ = {isa = PBXBuildFile; fileRef = 30E5ADB71F5D4F2000568388 /* Main.storyboard */; };
		30E5ADBB1F5D4F2000568388 /* Assets.xcassets in Resources */ = {isa = PBXBuildFile; fileRef = 30E5ADBA1F5D4F2000568388 /* Assets.xcassets */; };
		30E5ADBE1F5D4F2000568388 /* LaunchScreen.storyboard in Resources */ = {isa = PBXBuildFile; fileRef = 30E5ADBC1F5D4F2000568388 /* LaunchScreen.storyboard */; };
/* End PBXBuildFile section */

/* Begin PBXFileReference section */
		30E5ADB01F5D4F2000568388 /* addMobDemo.app */ = {isa = PBXFileReference; explicitFileType = wrapper.application; includeInIndex = 0; path = addMobDemo.app; sourceTree = BUILT_PRODUCTS_DIR; };
		30E5ADB31F5D4F2000568388 /* AppDelegate.swift */ = {isa = PBXFileReference; lastKnownFileType = sourcecode.swift; path = AppDelegate.swift; sourceTree = "<group>"; };
		30E5ADB51F5D4F2000568388 /* ViewController.swift */ = {isa = PBXFileReference; lastKnownFileType = sourcecode.swift; path = ViewController.swift; sourceTree = "<group>"; };
		30E5ADB81F5D4F2000568388 /* Base */ = {isa = PBXFileReference; lastKnownFileType = file.storyboard; name = Base; path = Base.lproj/Main.storyboard; sourceTree = "<group>"; };
		30E5ADBA1F5D4F2000568388 /* Assets.xcassets */ = {isa = PBXFileReference; lastKnownFileType = folder.assetcatalog; path = Assets.xcassets; sourceTree = "<group>"; };
		30E5ADBD1F5D4F2000568388 /* Base */ = {isa = PBXFileReference; lastKnownFileType = file.storyboard; name = Base; path = Base.lproj/LaunchScreen.storyboard; sourceTree = "<group>"; };
		30E5ADBF1F5D4F2000568388 /* Info.plist */ = {isa = PBXFileReference; lastKnownFileType = text.plist.xml; path = Info.plist; sourceTree = "<group>"; };
/* End PBXFileReference section */

/* Begin PBXFrameworksBuildPhase section */
		30E5ADAD1F5D4F2000568388 /* Frameworks */ = {
			isa = PBXFrameworksBuildPhase;
			buildActionMask = 2147483647;
			files = (
			);
			runOnlyForDeploymentPostprocessing = 0;
		};
/* End PBXFrameworksBuildPhase section */

/* Begin PBXGroup section */
		30E5ADA71F5D4F2000568388 = {
			isa = PBXGroup;
			children = (
				30E5ADB21F5D4F2000568388 /* addMobDemo */,
				30E5ADB11F5D4F2000568388 /* Products */,
			);
			sourceTree = "<group>";
		};
		30E5ADB11F5D4F2000568388 /* Products */ = {
			isa = PBXGroup;
			children = (
				30E5ADB01F5D4F2000568388 /* addMobDemo.app */,
			);
			name = Products;
			sourceTree = "<group>";
		};
		30E5ADB21F5D4F2000568388 /* addMobDemo */ = {
			isa = PBXGroup;
			children = (
				30E5ADB31F5D4F2000568388 /* AppDelegate.swift */,
				30E5ADB51F5D4F2000568388 /* ViewController.swift */,
				30E5ADB71F5D4F2000568388 /* Main.storyboard */,
				30E5ADBA1F5D4F2000568388 /* Assets.xcassets */,
				30E5ADBC1F5D4F2000568388 /* LaunchScreen.storyboard */,
				30E5ADBF1F5D4F2000568388 /* Info.plist */,
			);
			path = addMobDemo;
			sourceTree = "<group>";
		};
/* End PBXGroup section */

/* Begin PBXNativeTarget section */
		30E5ADAF1F5D4F2000568388 /* addMobDemo */ = {
			isa = PBXNativeTarget;
			buildConfigurationList = 30E5ADC21F5D4F2000568388 /* Build configuration list for PBXNativeTarget "addMobDemo" */;
			buildPhases = (
				30E5ADAC1F5D4F2000568388 /* Sources */,
				30E5ADAD1F5D4F2000568388 /* Frameworks */,
				30E5ADAE1F5D4F2000568388 /* Resources */,
			);
			buildRules = (
			);
			dependencies = (
			);
			name = addMobDemo;
			productName = addMobDemo;
			productReference = 30E5ADB01F5D4F2000568388 /* addMobDemo.app */;
			productType = "com.apple.product-type.application";
		};
/* End PBXNativeTarget section */

/* Begin PBXProject section */
		30E5ADA81F5D4F2000568388 /* Project object */ = {
			isa = PBXProject;
			attributes = {
				LastSwiftUpdateCheck = 0810;
				LastUpgradeCheck = 0810;
				ORGANIZATIONNAME = Rkhorenko;
				TargetAttributes = {
					30E5ADAF1F5D4F2000568388 = {
						CreatedOnToolsVersion = 8.1;
						DevelopmentTeam = AMG5752JL7;
						ProvisioningStyle = Automatic;
					};
				};
			};
			buildConfigurationList = 30E5ADAB1F5D4F2000568388 /* Build configuration list for PBXProject "addMobDemo" */;
			compatibilityVersion = "Xcode 3.2";
			developmentRegion = English;
			hasScannedForEncodings = 0;
			knownRegions = (
				en,
				Base,
			);
			mainGroup = 30E5ADA71F5D4F2000568388;
			productRefGroup = 30E5ADB11F5D4F2000568388 /* Products */;
			projectDirPath = "";
			projectRoot = "";
			targets = (
				30E5ADAF1F5D4F2000568388 /* addMobDemo */,
			);
		};
/* End PBXProject section */

/* Begin PBXResourcesBuildPhase section */
		30E5ADAE1F5D4F2000568388 /* Resources */ = {
			isa = PBXResourcesBuildPhase;
			buildActionMask = 2147483647;
			files = (
				30E5ADBE1F5D4F2000568388 /* LaunchScreen.storyboard in Resources */,
				30E5ADBB1F5D4F2000568388 /* Assets.xcassets in Resources */,
				30E5ADB91F5D4F2000568388 /* Main.storyboard in Resources */,
			);
			runOnlyForDeploymentPostprocessing = 0;
		};
/* End PBXResourcesBuildPhase section */

/* Begin PBXSourcesBuildPhase section */
		30E5ADAC1F5D4F2000568388 /* Sources */ = {
			isa = PBXSourcesBuildPhase;
			buildActionMask = 2147483647;
			files = (
				30E5ADB61F5D4F2000568388 /* ViewController.swift in Sources */,
				30E5ADB41F5D4F2000568388 /* AppDelegate.swift in Sources */,
			);
			runOnlyForDeploymentPostprocessing = 0;
		};
/* End PBXSourcesBuildPhase section */

/* Begin PBXVariantGroup section */
		30E5ADB71F5D4F2000568388 /* Main.storyboard */ = {
			isa = PBXVariantGroup;
			children = (
				30E5ADB81F5D4F2000568388 /* Base */,
			);
			name = Main.storyboard;
			sourceTree = "<group>";
		};
		30E5ADBC1F5D4F2000568388 /* LaunchScreen.storyboard */ = {
			isa = PBXVariantGroup;
			children = (
				30E5ADBD1F5D4F2000568388 /* Base */,
			);
			name = LaunchScreen.storyboard;
			sourceTree = "<group>";
		};
/* End PBXVariantGroup section */

/* Begin XCBuildConfiguration section */
		30E5ADC01F5D4F2000568388 /* Debug */ = {
			isa = XCBuildConfiguration;
			buildSettings = {
				ALWAYS_SEARCH_USER_PATHS = NO;
				CLANG_ANALYZER_NONNULL = YES;
				CLANG_CXX_LANGUAGE_STANDARD = "gnu++0x";
				CLANG_CXX_LIBRARY = "libc++";
				CLANG_ENABLE_MODULES = YES;
				CLANG_ENABLE_OBJC_ARC = YES;
				CLANG_WARN_BOOL_CONVERSION = YES;
				CLANG_WARN_CONSTANT_CONVERSION = YES;
				CLANG_WARN_DIRECT_OBJC_ISA_USAGE = YES_ERROR;
				CLANG_WARN_DOCUMENTATION_COMMENTS = YES;
				CLANG_WARN_EMPTY_BODY = YES;
				CLANG_WARN_ENUM_CONVERSION = YES;
				CLANG_WARN_INFINITE_RECURSION = YES;
				CLANG_WARN_INT_CONVERSION = YES;
				CLANG_WARN_OBJC_ROOT_CLASS = YES_ERROR;
				CLANG_WARN_SUSPICIOUS_MOVES = YES;
				CLANG_WARN_UNREACHABLE_CODE = YES;
				CLANG_WARN__DUPLICATE_METHOD_MATCH = YES;
				"CODE_SIGN_IDENTITY[sdk=iphoneos*]" = "iPhone Developer";
				COPY_PHASE_STRIP = NO;
				DEBUG_INFORMATION_FORMAT = dwarf;
				ENABLE_STRICT_OBJC_MSGSEND = YES;
				ENABLE_TESTABILITY = YES;
				GCC_C_LANGUAGE_STANDARD = gnu99;
				GCC_DYNAMIC_NO_PIC = NO;
				GCC_NO_COMMON_BLOCKS = YES;
				GCC_OPTIMIZATION_LEVEL = 0;
				GCC_PREPROCESSOR_DEFINITIONS = (
					"DEBUG=1",
					"$(inherited)",
				);
				GCC_WARN_64_TO_32_BIT_CONVERSION = YES;
				GCC_WARN_ABOUT_RETURN_TYPE = YES_ERROR;
				GCC_WARN_UNDECLARED_SELECTOR = YES;
				GCC_WARN_UNINITIALIZED_AUTOS = YES_AGGRESSIVE;
				GCC_WARN_UNUSED_FUNCTION = YES;
				GCC_WARN_UNUSED_VARIABLE = YES;
				IPHONEOS_DEPLOYMENT_TARGET = 10.1;
				MTL_ENABLE_DEBUG_INFO = YES;
				ONLY_ACTIVE_ARCH = YES;
				SDKROOT = iphoneos;
				SWIFT_ACTIVE_COMPILATION_CONDITIONS = DEBUG;
				SWIFT_OPTIMIZATION_LEVEL = "-Onone";
				TARGETED_DEVICE_FAMILY = "1,2";
			};
			name = Debug;
		};
		30E5ADC11F5D4F2000568388 /* Release */ = {
			isa = XCBuildConfiguration;
			buildSettings = {
				ALWAYS_SEARCH_USER_PATHS = NO;
				CLANG_ANALYZER_NONNULL = YES;
				CLANG_CXX_LANGUAGE_STANDARD = "gnu++0x";
				CLANG_CXX_LIBRARY = "libc++";
				CLANG_ENABLE_MODULES = YES;
				CLANG_ENABLE_OBJC_ARC = YES;
				CLANG_WARN_BOOL_CONVERSION = YES;
				CLANG_WARN_CONSTANT_CONVERSION = YES;
				CLANG_WARN_DIRECT_OBJC_ISA_USAGE = YES_ERROR;
				CLANG_WARN_DOCUMENTATION_COMMENTS = YES;
				CLANG_WARN_EMPTY_BODY = YES;
				CLANG_WARN_ENUM_CONVERSION = YES;
				CLANG_WARN_INFINITE_RECURSION = YES;
				CLANG_WARN_INT_CONVERSION = YES;
				CLANG_WARN_OBJC_ROOT_CLASS = YES_ERROR;
				CLANG_WARN_SUSPICIOUS_MOVES = YES;
				CLANG_WARN_UNREACHABLE_CODE = YES;
				CLANG_WARN__DUPLICATE_METHOD_MATCH = YES;
				"CODE_SIGN_IDENTITY[sdk=iphoneos*]" = "iPhone Developer";
				COPY_PHASE_STRIP = NO;
				DEBUG_INFORMATION_FORMAT = "dwarf-with-dsym";
				ENABLE_NS_ASSERTIONS = NO;
				ENABLE_STRICT_OBJC_MSGSEND = YES;
				GCC_C_LANGUAGE_STANDARD = gnu99;
				GCC_NO_COMMON_BLOCKS = YES;
				GCC_WARN_64_TO_32_BIT_CONVERSION = YES;
				GCC_WARN_ABOUT_RETURN_TYPE = YES_ERROR;
				GCC_WARN_UNDECLARED_SELECTOR = YES;
				GCC_WARN_UNINITIALIZED_AUTOS = YES_AGGRESSIVE;
				GCC_WARN_UNUSED_FUNCTION = YES;
				GCC_WARN_UNUSED_VARIABLE = YES;
				IPHONEOS_DEPLOYMENT_TARGET = 10.1;
				MTL_ENABLE_DEBUG_INFO = NO;
				SDKROOT = iphoneos;
				SWIFT_OPTIMIZATION_LEVEL = "-Owholemodule";
				TARGETED_DEVICE_FAMILY = "1,2";
				VALIDATE_PRODUCT = YES;
			};
			name = Release;
		};
		30E5ADC31F5D4F2000568388 /* Debug */ = {
			isa = XCBuildConfiguration;
			buildSettings = {
				ASSETCATALOG_COMPILER_APPICON_NAME = AppIcon;
				DEVELOPMENT_TEAM = AMG5752JL7;
				INFOPLIST_FILE = addMobDemo/Info.plist;
				LD_RUNPATH_SEARCH_PATHS = "$(inherited) @executable_path/Frameworks";
				PRODUCT_BUNDLE_IDENTIFIER = com.eu.addMobDemo;
				PRODUCT_NAME = "$(TARGET_NAME)";
				SWIFT_VERSION = 3.0;
			};
			name = Debug;
		};
		30E5ADC41F5D4F2000568388 /* Release */ = {
			isa = XCBuildConfiguration;
			buildSettings = {
				ASSETCATALOG_COMPILER_APPICON_NAME = AppIcon;
				DEVELOPMENT_TEAM = AMG5752JL7;
				INFOPLIST_FILE = addMobDemo/Info.plist;
				LD_RUNPATH_SEARCH_PATHS = "$(inherited) @executable_path/Frameworks";
				PRODUCT_BUNDLE_IDENTIFIER = com.eu.addMobDemo;
				PRODUCT_NAME = "$(TARGET_NAME)";
				SWIFT_VERSION = 3.0;
			};
			name = Release;
		};
/* End XCBuildConfiguration section */

/* Begin XCConfigurationList section */
		30E5ADAB1F5D4F2000568388 /* Build configuration list for PBXProject "addMobDemo" */ = {
			isa = XCConfigurationList;
			buildConfigurations = (
				30E5ADC01F5D4F2000568388 /* Debug */,
				30E5ADC11F5D4F2000568388 /* Release */,
			);
			defaultConfigurationIsVisible = 0;
			defaultConfigurationName = Release;
		};
		30E5ADC21F5D4F2000568388 /* Build configuration list for PBXNativeTarget "addMobDemo" */ = {
			isa = XCConfigurationList;
			buildConfigurations = (
				30E5ADC31F5D4F2000568388 /* Debug */,
				30E5ADC41F5D4F2000568388 /* Release */,
			);
			defaultConfigurationIsVisible = 0;
		};
/* End XCConfigurationList section */
	};
	rootObject = 30E5ADA81F5D4F2000568388 /* Project object */;
}
